// !$*UTF8*$!
{
	archiveVersion = 1;
	classes = {
	};
	objectVersion = 46;
	objects = {

/* Begin PBXBuildFile section */
		7002C5581EAFA0BE0086210A /* HKGrotesk-Light.otf in Resources */ = {isa = PBXBuildFile; fileRef = 7002C5541EAFA0BE0086210A /* HKGrotesk-Light.otf */; };
		7002C5591EAFA0BE0086210A /* HKGrotesk-Medium.otf in Resources */ = {isa = PBXBuildFile; fileRef = 7002C5551EAFA0BE0086210A /* HKGrotesk-Medium.otf */; };
		7002C55A1EAFA0BE0086210A /* HKGrotesk-Regular.otf in Resources */ = {isa = PBXBuildFile; fileRef = 7002C5561EAFA0BE0086210A /* HKGrotesk-Regular.otf */; };
		7002C55B1EAFA0BE0086210A /* HKGrotesk-SemiBold.otf in Resources */ = {isa = PBXBuildFile; fileRef = 7002C5571EAFA0BE0086210A /* HKGrotesk-SemiBold.otf */; };
		7002C5661EB02FB10086210A /* WeightSummaryViewController.m in Sources */ = {isa = PBXBuildFile; fileRef = 7002C5641EB02FB10086210A /* WeightSummaryViewController.m */; };
		7002C56B1EB02FF60086210A /* WeightTableViewCell.m in Sources */ = {isa = PBXBuildFile; fileRef = 7002C5691EB02FF60086210A /* WeightTableViewCell.m */; };
		7002C56C1EB02FF60086210A /* WeightTableViewCell.xib in Resources */ = {isa = PBXBuildFile; fileRef = 7002C56A1EB02FF60086210A /* WeightTableViewCell.xib */; };
		7002C5701EB030400086210A /* MHWeight.m in Sources */ = {isa = PBXBuildFile; fileRef = 7002C56F1EB030400086210A /* MHWeight.m */; };
		7002C5741EB030840086210A /* WeightHistoryManager.m in Sources */ = {isa = PBXBuildFile; fileRef = 7002C5721EB030840086210A /* WeightHistoryManager.m */; };
		7002C5771EB031260086210A /* AddWeightViewController.m in Sources */ = {isa = PBXBuildFile; fileRef = 7002C5761EB031260086210A /* AddWeightViewController.m */; };
		7002C57B1EB031EF0086210A /* UIColor+MHColors.m in Sources */ = {isa = PBXBuildFile; fileRef = 7002C57A1EB031EF0086210A /* UIColor+MHColors.m */; };
		7002C57D1EB037AB0086210A /* WeightInfo.xib in Resources */ = {isa = PBXBuildFile; fileRef = 7002C57C1EB037AB0086210A /* WeightInfo.xib */; };
		7002C5801EB037B80086210A /* WeightInfo.m in Sources */ = {isa = PBXBuildFile; fileRef = 7002C57F1EB037B80086210A /* WeightInfo.m */; };
		700E64C11E92E275009E914F /* APIManager.m in Sources */ = {isa = PBXBuildFile; fileRef = 700E64C01E92E275009E914F /* APIManager.m */; };
		700E64C71E92FD20009E914F /* configuration.plist in Resources */ = {isa = PBXBuildFile; fileRef = 700E64C61E92FD20009E914F /* configuration.plist */; };
		700E64CA1E932A6E009E914F /* FoodSearchViewController.m in Sources */ = {isa = PBXBuildFile; fileRef = 700E64C91E932A6E009E914F /* FoodSearchViewController.m */; };
		700E64CD1E933E3B009E914F /* FoodTableViewCell.m in Sources */ = {isa = PBXBuildFile; fileRef = 700E64CC1E933E3B009E914F /* FoodTableViewCell.m */; };
		705B94C81E4C396E006241F1 /* AddFoodViewController.m in Sources */ = {isa = PBXBuildFile; fileRef = 705B94C71E4C396E006241F1 /* AddFoodViewController.m */; };
		705B94CB1E4C3C1A006241F1 /* TextFieldTableViewCell.m in Sources */ = {isa = PBXBuildFile; fileRef = 705B94CA1E4C3C1A006241F1 /* TextFieldTableViewCell.m */; };
		705B94CE1E4C4435006241F1 /* MealManager.m in Sources */ = {isa = PBXBuildFile; fileRef = 705B94CD1E4C4435006241F1 /* MealManager.m */; };
		706004291E66735D00FA1EFF /* Realm.framework in Frameworks */ = {isa = PBXBuildFile; fileRef = 706004281E66735D00FA1EFF /* Realm.framework */; };
		70643C101E78805600DD3370 /* MHMember.m in Sources */ = {isa = PBXBuildFile; fileRef = 70643C0F1E78805600DD3370 /* MHMember.m */; };
		709470421EAD192E00C2C876 /* NutritionInfo.xib in Resources */ = {isa = PBXBuildFile; fileRef = 709470411EAD192E00C2C876 /* NutritionInfo.xib */; };
		709470491EAD380B00C2C876 /* DailySummaryTableSectionHeader.m in Sources */ = {isa = PBXBuildFile; fileRef = 709470481EAD380B00C2C876 /* DailySummaryTableSectionHeader.m */; };
		7094704B1EAD382000C2C876 /* DailySummaryTableSectionHeader.xib in Resources */ = {isa = PBXBuildFile; fileRef = 7094704A1EAD382000C2C876 /* DailySummaryTableSectionHeader.xib */; };
		70954C561E4A603F00832400 /* DailySummaryViewController.m in Sources */ = {isa = PBXBuildFile; fileRef = 70954C551E4A603F00832400 /* DailySummaryViewController.m */; };
		70A030DB1E8C3F2800539BBB /* GroupInfoViewController.m in Sources */ = {isa = PBXBuildFile; fileRef = 70A030DA1E8C3F2800539BBB /* GroupInfoViewController.m */; };
		70B721361E39B4D000401B9D /* main.m in Sources */ = {isa = PBXBuildFile; fileRef = 70B721351E39B4D000401B9D /* main.m */; };
		70B721391E39B4D000401B9D /* AppDelegate.m in Sources */ = {isa = PBXBuildFile; fileRef = 70B721381E39B4D000401B9D /* AppDelegate.m */; };
		70B721411E39B4D000401B9D /* Assets.xcassets in Resources */ = {isa = PBXBuildFile; fileRef = 70B721401E39B4D000401B9D /* Assets.xcassets */; };
		70B721441E39B4D000401B9D /* LaunchScreen.storyboard in Resources */ = {isa = PBXBuildFile; fileRef = 70B721421E39B4D000401B9D /* LaunchScreen.storyboard */; };
		70B7214F1E39B4D000401B9D /* Mission_HealthTests.m in Sources */ = {isa = PBXBuildFile; fileRef = 70B7214E1E39B4D000401B9D /* Mission_HealthTests.m */; };
		70B7215A1E39B4D000401B9D /* Mission_HealthUITests.m in Sources */ = {isa = PBXBuildFile; fileRef = 70B721591E39B4D000401B9D /* Mission_HealthUITests.m */; };
		70E223241E6676A40079FF22 /* MHFood.m in Sources */ = {isa = PBXBuildFile; fileRef = 70E223231E6676A40079FF22 /* MHFood.m */; };
		70E223291E6707D30079FF22 /* MissionsCollectionViewController.m in Sources */ = {isa = PBXBuildFile; fileRef = 70E223281E6707D30079FF22 /* MissionsCollectionViewController.m */; };
		70E2232C1E6708430079FF22 /* MissionsCollectionViewCell.m in Sources */ = {isa = PBXBuildFile; fileRef = 70E2232B1E6708430079FF22 /* MissionsCollectionViewCell.m */; };
		70E2232F1E6710190079FF22 /* MHGroup.m in Sources */ = {isa = PBXBuildFile; fileRef = 70E2232E1E6710190079FF22 /* MHGroup.m */; };
		70E223321E6710650079FF22 /* GroupManager.m in Sources */ = {isa = PBXBuildFile; fileRef = 70E223311E6710650079FF22 /* GroupManager.m */; };
		70E223351E675D3C0079FF22 /* AddGroupViewController.m in Sources */ = {isa = PBXBuildFile; fileRef = 70E223341E675D3B0079FF22 /* AddGroupViewController.m */; };
		70E223381E6766B00079FF22 /* GroupViewController.m in Sources */ = {isa = PBXBuildFile; fileRef = 70E223371E6766B00079FF22 /* GroupViewController.m */; };
		90E7B6F9E137A5920A036412 /* NutritionInfo.m in Sources */ = {isa = PBXBuildFile; fileRef = 90E7B9056890092DC83530F7 /* NutritionInfo.m */; };
/* End PBXBuildFile section */

/* Begin PBXContainerItemProxy section */
		70B7214B1E39B4D000401B9D /* PBXContainerItemProxy */ = {
			isa = PBXContainerItemProxy;
			containerPortal = 70B721291E39B4D000401B9D /* Project object */;
			proxyType = 1;
			remoteGlobalIDString = 70B721301E39B4D000401B9D;
			remoteInfo = "Mission Health";
		};
		70B721561E39B4D000401B9D /* PBXContainerItemProxy */ = {
			isa = PBXContainerItemProxy;
			containerPortal = 70B721291E39B4D000401B9D /* Project object */;
			proxyType = 1;
			remoteGlobalIDString = 70B721301E39B4D000401B9D;
			remoteInfo = "Mission Health";
		};
/* End PBXContainerItemProxy section */

/* Begin PBXFileReference section */
		7002C5541EAFA0BE0086210A /* HKGrotesk-Light.otf */ = {isa = PBXFileReference; lastKnownFileType = file; path = "HKGrotesk-Light.otf"; sourceTree = "<group>"; };
		7002C5551EAFA0BE0086210A /* HKGrotesk-Medium.otf */ = {isa = PBXFileReference; lastKnownFileType = file; path = "HKGrotesk-Medium.otf"; sourceTree = "<group>"; };
		7002C5561EAFA0BE0086210A /* HKGrotesk-Regular.otf */ = {isa = PBXFileReference; lastKnownFileType = file; path = "HKGrotesk-Regular.otf"; sourceTree = "<group>"; };
		7002C5571EAFA0BE0086210A /* HKGrotesk-SemiBold.otf */ = {isa = PBXFileReference; lastKnownFileType = file; path = "HKGrotesk-SemiBold.otf"; sourceTree = "<group>"; };
		7002C5631EB02FB10086210A /* WeightSummaryViewController.h */ = {isa = PBXFileReference; fileEncoding = 4; lastKnownFileType = sourcecode.c.h; path = WeightSummaryViewController.h; sourceTree = "<group>"; };
		7002C5641EB02FB10086210A /* WeightSummaryViewController.m */ = {isa = PBXFileReference; fileEncoding = 4; lastKnownFileType = sourcecode.c.objc; path = WeightSummaryViewController.m; sourceTree = "<group>"; };
		7002C5681EB02FF60086210A /* WeightTableViewCell.h */ = {isa = PBXFileReference; fileEncoding = 4; lastKnownFileType = sourcecode.c.h; path = WeightTableViewCell.h; sourceTree = "<group>"; };
		7002C5691EB02FF60086210A /* WeightTableViewCell.m */ = {isa = PBXFileReference; fileEncoding = 4; lastKnownFileType = sourcecode.c.objc; path = WeightTableViewCell.m; sourceTree = "<group>"; };
		7002C56A1EB02FF60086210A /* WeightTableViewCell.xib */ = {isa = PBXFileReference; fileEncoding = 4; lastKnownFileType = file.xib; path = WeightTableViewCell.xib; sourceTree = "<group>"; };
		7002C56E1EB030400086210A /* MHWeight.h */ = {isa = PBXFileReference; fileEncoding = 4; lastKnownFileType = sourcecode.c.h; path = MHWeight.h; sourceTree = "<group>"; };
		7002C56F1EB030400086210A /* MHWeight.m */ = {isa = PBXFileReference; fileEncoding = 4; lastKnownFileType = sourcecode.c.objc; path = MHWeight.m; sourceTree = "<group>"; };
		7002C5711EB030840086210A /* WeightHistoryManager.h */ = {isa = PBXFileReference; fileEncoding = 4; lastKnownFileType = sourcecode.c.h; path = WeightHistoryManager.h; sourceTree = "<group>"; };
		7002C5721EB030840086210A /* WeightHistoryManager.m */ = {isa = PBXFileReference; fileEncoding = 4; lastKnownFileType = sourcecode.c.objc; path = WeightHistoryManager.m; sourceTree = "<group>"; };
		7002C5731EB030840086210A /* WeightHistoryManagerDelegate.h */ = {isa = PBXFileReference; fileEncoding = 4; lastKnownFileType = sourcecode.c.h; path = WeightHistoryManagerDelegate.h; sourceTree = "<group>"; };
		7002C5751EB031260086210A /* AddWeightViewController.h */ = {isa = PBXFileReference; fileEncoding = 4; lastKnownFileType = sourcecode.c.h; path = AddWeightViewController.h; sourceTree = "<group>"; };
		7002C5761EB031260086210A /* AddWeightViewController.m */ = {isa = PBXFileReference; fileEncoding = 4; lastKnownFileType = sourcecode.c.objc; path = AddWeightViewController.m; sourceTree = "<group>"; };
		7002C5781EB031900086210A /* AddWeightViewControllerDelegate.h */ = {isa = PBXFileReference; lastKnownFileType = sourcecode.c.h; path = AddWeightViewControllerDelegate.h; sourceTree = "<group>"; };
		7002C5791EB031EF0086210A /* UIColor+MHColors.h */ = {isa = PBXFileReference; fileEncoding = 4; lastKnownFileType = sourcecode.c.h; path = "UIColor+MHColors.h"; sourceTree = "<group>"; };
		7002C57A1EB031EF0086210A /* UIColor+MHColors.m */ = {isa = PBXFileReference; fileEncoding = 4; lastKnownFileType = sourcecode.c.objc; path = "UIColor+MHColors.m"; sourceTree = "<group>"; };
		7002C57C1EB037AB0086210A /* WeightInfo.xib */ = {isa = PBXFileReference; fileEncoding = 4; lastKnownFileType = file.xib; path = WeightInfo.xib; sourceTree = "<group>"; };
		7002C57E1EB037B80086210A /* WeightInfo.h */ = {isa = PBXFileReference; fileEncoding = 4; lastKnownFileType = sourcecode.c.h; path = WeightInfo.h; sourceTree = "<group>"; };
		7002C57F1EB037B80086210A /* WeightInfo.m */ = {isa = PBXFileReference; fileEncoding = 4; lastKnownFileType = sourcecode.c.objc; path = WeightInfo.m; sourceTree = "<group>"; };
		700E64BF1E92E275009E914F /* APIManager.h */ = {isa = PBXFileReference; fileEncoding = 4; lastKnownFileType = sourcecode.c.h; path = APIManager.h; sourceTree = "<group>"; };
		700E64C01E92E275009E914F /* APIManager.m */ = {isa = PBXFileReference; fileEncoding = 4; lastKnownFileType = sourcecode.c.objc; path = APIManager.m; sourceTree = "<group>"; };
		700E64C61E92FD20009E914F /* configuration.plist */ = {isa = PBXFileReference; fileEncoding = 4; lastKnownFileType = text.plist.xml; path = configuration.plist; sourceTree = "<group>"; };
		700E64C81E932A6E009E914F /* FoodSearchViewController.h */ = {isa = PBXFileReference; fileEncoding = 4; lastKnownFileType = sourcecode.c.h; path = FoodSearchViewController.h; sourceTree = "<group>"; };
		700E64C91E932A6E009E914F /* FoodSearchViewController.m */ = {isa = PBXFileReference; fileEncoding = 4; lastKnownFileType = sourcecode.c.objc; path = FoodSearchViewController.m; sourceTree = "<group>"; };
		700E64CB1E933E3B009E914F /* FoodTableViewCell.h */ = {isa = PBXFileReference; fileEncoding = 4; lastKnownFileType = sourcecode.c.h; path = FoodTableViewCell.h; sourceTree = "<group>"; };
		700E64CC1E933E3B009E914F /* FoodTableViewCell.m */ = {isa = PBXFileReference; fileEncoding = 4; lastKnownFileType = sourcecode.c.objc; path = FoodTableViewCell.m; sourceTree = "<group>"; };
		705B94C61E4C396E006241F1 /* AddFoodViewController.h */ = {isa = PBXFileReference; fileEncoding = 4; lastKnownFileType = sourcecode.c.h; path = AddFoodViewController.h; sourceTree = "<group>"; };
		705B94C71E4C396E006241F1 /* AddFoodViewController.m */ = {isa = PBXFileReference; fileEncoding = 4; lastKnownFileType = sourcecode.c.objc; path = AddFoodViewController.m; sourceTree = "<group>"; };
		705B94C91E4C3C1A006241F1 /* TextFieldTableViewCell.h */ = {isa = PBXFileReference; fileEncoding = 4; lastKnownFileType = sourcecode.c.h; path = TextFieldTableViewCell.h; sourceTree = "<group>"; };
		705B94CA1E4C3C1A006241F1 /* TextFieldTableViewCell.m */ = {isa = PBXFileReference; fileEncoding = 4; lastKnownFileType = sourcecode.c.objc; path = TextFieldTableViewCell.m; sourceTree = "<group>"; };
		705B94CC1E4C4435006241F1 /* MealManager.h */ = {isa = PBXFileReference; fileEncoding = 4; lastKnownFileType = sourcecode.c.h; path = MealManager.h; sourceTree = "<group>"; };
		705B94CD1E4C4435006241F1 /* MealManager.m */ = {isa = PBXFileReference; fileEncoding = 4; lastKnownFileType = sourcecode.c.objc; path = MealManager.m; sourceTree = "<group>"; };
		706004281E66735D00FA1EFF /* Realm.framework */ = {isa = PBXFileReference; lastKnownFileType = wrapper.framework; name = Realm.framework; path = Carthage/Build/iOS/Realm.framework; sourceTree = "<group>"; };
		70643C0E1E78805600DD3370 /* MHMember.h */ = {isa = PBXFileReference; fileEncoding = 4; lastKnownFileType = sourcecode.c.h; path = MHMember.h; sourceTree = "<group>"; };
		70643C0F1E78805600DD3370 /* MHMember.m */ = {isa = PBXFileReference; fileEncoding = 4; lastKnownFileType = sourcecode.c.objc; path = MHMember.m; sourceTree = "<group>"; };
		709470411EAD192E00C2C876 /* NutritionInfo.xib */ = {isa = PBXFileReference; fileEncoding = 4; lastKnownFileType = file.xib; path = NutritionInfo.xib; sourceTree = "<group>"; };
		709470471EAD380B00C2C876 /* DailySummaryTableSectionHeader.h */ = {isa = PBXFileReference; fileEncoding = 4; lastKnownFileType = sourcecode.c.h; path = DailySummaryTableSectionHeader.h; sourceTree = "<group>"; };
		709470481EAD380B00C2C876 /* DailySummaryTableSectionHeader.m */ = {isa = PBXFileReference; fileEncoding = 4; lastKnownFileType = sourcecode.c.objc; path = DailySummaryTableSectionHeader.m; sourceTree = "<group>"; };
		7094704A1EAD382000C2C876 /* DailySummaryTableSectionHeader.xib */ = {isa = PBXFileReference; fileEncoding = 4; lastKnownFileType = file.xib; path = DailySummaryTableSectionHeader.xib; sourceTree = "<group>"; };
		70954C541E4A603F00832400 /* DailySummaryViewController.h */ = {isa = PBXFileReference; fileEncoding = 4; lastKnownFileType = sourcecode.c.h; path = DailySummaryViewController.h; sourceTree = "<group>"; };
		70954C551E4A603F00832400 /* DailySummaryViewController.m */ = {isa = PBXFileReference; fileEncoding = 4; lastKnownFileType = sourcecode.c.objc; path = DailySummaryViewController.m; sourceTree = "<group>"; };
		70A030D91E8C3F2800539BBB /* GroupInfoViewController.h */ = {isa = PBXFileReference; fileEncoding = 4; lastKnownFileType = sourcecode.c.h; path = GroupInfoViewController.h; sourceTree = "<group>"; };
		70A030DA1E8C3F2800539BBB /* GroupInfoViewController.m */ = {isa = PBXFileReference; fileEncoding = 4; lastKnownFileType = sourcecode.c.objc; path = GroupInfoViewController.m; sourceTree = "<group>"; };
		70B721311E39B4D000401B9D /* Mission Health.app */ = {isa = PBXFileReference; explicitFileType = wrapper.application; includeInIndex = 0; path = "Mission Health.app"; sourceTree = BUILT_PRODUCTS_DIR; };
		70B721351E39B4D000401B9D /* main.m */ = {isa = PBXFileReference; lastKnownFileType = sourcecode.c.objc; path = main.m; sourceTree = "<group>"; };
		70B721371E39B4D000401B9D /* AppDelegate.h */ = {isa = PBXFileReference; lastKnownFileType = sourcecode.c.h; path = AppDelegate.h; sourceTree = "<group>"; };
		70B721381E39B4D000401B9D /* AppDelegate.m */ = {isa = PBXFileReference; lastKnownFileType = sourcecode.c.objc; path = AppDelegate.m; sourceTree = "<group>"; };
		70B721401E39B4D000401B9D /* Assets.xcassets */ = {isa = PBXFileReference; lastKnownFileType = folder.assetcatalog; path = Assets.xcassets; sourceTree = "<group>"; };
		70B721431E39B4D000401B9D /* Base */ = {isa = PBXFileReference; lastKnownFileType = file.storyboard; name = Base; path = Base.lproj/LaunchScreen.storyboard; sourceTree = "<group>"; };
		70B721451E39B4D000401B9D /* Info.plist */ = {isa = PBXFileReference; lastKnownFileType = text.plist.xml; path = Info.plist; sourceTree = "<group>"; };
		70B7214A1E39B4D000401B9D /* Mission HealthTests.xctest */ = {isa = PBXFileReference; explicitFileType = wrapper.cfbundle; includeInIndex = 0; path = "Mission HealthTests.xctest"; sourceTree = BUILT_PRODUCTS_DIR; };
		70B7214E1E39B4D000401B9D /* Mission_HealthTests.m */ = {isa = PBXFileReference; lastKnownFileType = sourcecode.c.objc; path = Mission_HealthTests.m; sourceTree = "<group>"; };
		70B721501E39B4D000401B9D /* Info.plist */ = {isa = PBXFileReference; lastKnownFileType = text.plist.xml; path = Info.plist; sourceTree = "<group>"; };
		70B721551E39B4D000401B9D /* Mission HealthUITests.xctest */ = {isa = PBXFileReference; explicitFileType = wrapper.cfbundle; includeInIndex = 0; path = "Mission HealthUITests.xctest"; sourceTree = BUILT_PRODUCTS_DIR; };
		70B721591E39B4D000401B9D /* Mission_HealthUITests.m */ = {isa = PBXFileReference; lastKnownFileType = sourcecode.c.objc; path = Mission_HealthUITests.m; sourceTree = "<group>"; };
		70B7215B1E39B4D000401B9D /* Info.plist */ = {isa = PBXFileReference; lastKnownFileType = text.plist.xml; path = Info.plist; sourceTree = "<group>"; };
		70E223221E6676A40079FF22 /* MHFood.h */ = {isa = PBXFileReference; fileEncoding = 4; lastKnownFileType = sourcecode.c.h; path = MHFood.h; sourceTree = "<group>"; };
		70E223231E6676A40079FF22 /* MHFood.m */ = {isa = PBXFileReference; fileEncoding = 4; lastKnownFileType = sourcecode.c.objc; path = MHFood.m; sourceTree = "<group>"; };
		70E223271E6707D30079FF22 /* MissionsCollectionViewController.h */ = {isa = PBXFileReference; fileEncoding = 4; lastKnownFileType = sourcecode.c.h; path = MissionsCollectionViewController.h; sourceTree = "<group>"; };
		70E223281E6707D30079FF22 /* MissionsCollectionViewController.m */ = {isa = PBXFileReference; fileEncoding = 4; lastKnownFileType = sourcecode.c.objc; path = MissionsCollectionViewController.m; sourceTree = "<group>"; };
		70E2232A1E6708430079FF22 /* MissionsCollectionViewCell.h */ = {isa = PBXFileReference; fileEncoding = 4; lastKnownFileType = sourcecode.c.h; path = MissionsCollectionViewCell.h; sourceTree = "<group>"; };
		70E2232B1E6708430079FF22 /* MissionsCollectionViewCell.m */ = {isa = PBXFileReference; fileEncoding = 4; lastKnownFileType = sourcecode.c.objc; path = MissionsCollectionViewCell.m; sourceTree = "<group>"; };
		70E2232D1E6710190079FF22 /* MHGroup.h */ = {isa = PBXFileReference; fileEncoding = 4; lastKnownFileType = sourcecode.c.h; path = MHGroup.h; sourceTree = "<group>"; };
		70E2232E1E6710190079FF22 /* MHGroup.m */ = {isa = PBXFileReference; fileEncoding = 4; lastKnownFileType = sourcecode.c.objc; path = MHGroup.m; sourceTree = "<group>"; };
		70E223301E6710650079FF22 /* GroupManager.h */ = {isa = PBXFileReference; fileEncoding = 4; lastKnownFileType = sourcecode.c.h; path = GroupManager.h; sourceTree = "<group>"; };
		70E223311E6710650079FF22 /* GroupManager.m */ = {isa = PBXFileReference; fileEncoding = 4; lastKnownFileType = sourcecode.c.objc; path = GroupManager.m; sourceTree = "<group>"; };
		70E223331E675D3B0079FF22 /* AddGroupViewController.h */ = {isa = PBXFileReference; fileEncoding = 4; lastKnownFileType = sourcecode.c.h; path = AddGroupViewController.h; sourceTree = "<group>"; };
		70E223341E675D3B0079FF22 /* AddGroupViewController.m */ = {isa = PBXFileReference; fileEncoding = 4; lastKnownFileType = sourcecode.c.objc; path = AddGroupViewController.m; sourceTree = "<group>"; };
		70E223361E6766B00079FF22 /* GroupViewController.h */ = {isa = PBXFileReference; fileEncoding = 4; lastKnownFileType = sourcecode.c.h; path = GroupViewController.h; sourceTree = "<group>"; };
		70E223371E6766B00079FF22 /* GroupViewController.m */ = {isa = PBXFileReference; fileEncoding = 4; lastKnownFileType = sourcecode.c.objc; path = GroupViewController.m; sourceTree = "<group>"; };
		90E7B4A9E15834511AF699A9 /* NutritionInfo.h */ = {isa = PBXFileReference; fileEncoding = 4; lastKnownFileType = sourcecode.c.h; path = NutritionInfo.h; sourceTree = "<group>"; };
		90E7B9056890092DC83530F7 /* NutritionInfo.m */ = {isa = PBXFileReference; fileEncoding = 4; lastKnownFileType = sourcecode.c.objc; path = NutritionInfo.m; sourceTree = "<group>"; };
/* End PBXFileReference section */

/* Begin PBXFrameworksBuildPhase section */
		70B7212E1E39B4D000401B9D /* Frameworks */ = {
			isa = PBXFrameworksBuildPhase;
			buildActionMask = 2147483647;
			files = (
				706004291E66735D00FA1EFF /* Realm.framework in Frameworks */,
			);
			runOnlyForDeploymentPostprocessing = 0;
		};
		70B721471E39B4D000401B9D /* Frameworks */ = {
			isa = PBXFrameworksBuildPhase;
			buildActionMask = 2147483647;
			files = (
			);
			runOnlyForDeploymentPostprocessing = 0;
		};
		70B721521E39B4D000401B9D /* Frameworks */ = {
			isa = PBXFrameworksBuildPhase;
			buildActionMask = 2147483647;
			files = (
			);
			runOnlyForDeploymentPostprocessing = 0;
		};
/* End PBXFrameworksBuildPhase section */

/* Begin PBXGroup section */
		7002C55C1EAFA6FA0086210A /* Models */ = {
			isa = PBXGroup;
			children = (
				70E223221E6676A40079FF22 /* MHFood.h */,
				70E223231E6676A40079FF22 /* MHFood.m */,
				70E2232D1E6710190079FF22 /* MHGroup.h */,
				70E2232E1E6710190079FF22 /* MHGroup.m */,
				70643C0E1E78805600DD3370 /* MHMember.h */,
				70643C0F1E78805600DD3370 /* MHMember.m */,
				7002C56E1EB030400086210A /* MHWeight.h */,
				7002C56F1EB030400086210A /* MHWeight.m */,
			);
			path = Models;
			sourceTree = "<group>";
		};
		7002C55D1EAFA7140086210A /* Fonts */ = {
			isa = PBXGroup;
			children = (
				7002C5541EAFA0BE0086210A /* HKGrotesk-Light.otf */,
				7002C5551EAFA0BE0086210A /* HKGrotesk-Medium.otf */,
				7002C5561EAFA0BE0086210A /* HKGrotesk-Regular.otf */,
				7002C5571EAFA0BE0086210A /* HKGrotesk-SemiBold.otf */,
			);
			path = Fonts;
			sourceTree = "<group>";
		};
		7002C55E1EAFA71B0086210A /* DailySummaryTableSectionHeader */ = {
			isa = PBXGroup;
			children = (
				709470471EAD380B00C2C876 /* DailySummaryTableSectionHeader.h */,
				709470481EAD380B00C2C876 /* DailySummaryTableSectionHeader.m */,
				7094704A1EAD382000C2C876 /* DailySummaryTableSectionHeader.xib */,
			);
			path = DailySummaryTableSectionHeader;
			sourceTree = "<group>";
		};
		7002C55F1EAFA7470086210A /* Table View Cells */ = {
			isa = PBXGroup;
			children = (
				7002C55E1EAFA71B0086210A /* DailySummaryTableSectionHeader */,
				7002C5891EB045EE0086210A /* Food */,
				7002C58A1EB045F30086210A /* Missions */,
				7002C5881EB045E80086210A /* TextField */,
				7002C56D1EB02FFB0086210A /* Weight */,
			);
			name = "Table View Cells";
			path = "Table View Cells";
			sourceTree = "<group>";
		};
		7002C5601EAFA7700086210A /* Views */ = {
			isa = PBXGroup;
			children = (
				7002C5861EB045CB0086210A /* NutritionInfo */,
				7002C55F1EAFA7470086210A /* Table View Cells */,
				7002C5871EB045D30086210A /* WeightInfo */,
			);
			path = Views;
			sourceTree = "<group>";
		};
		7002C5611EAFA7C30086210A /* Stores */ = {
			isa = PBXGroup;
			children = (
				7002C5831EB045970086210A /* Meals */,
				7002C5821EB0458E0086210A /* Missions */,
				7002C5841EB0459D0086210A /* Networking */,
				7002C5811EB045860086210A /* WeightHistory */,
			);
			name = Stores;
			path = Stores;
			sourceTree = "<group>";
		};
		7002C5671EB02FE60086210A /* Progress Tab */ = {
			isa = PBXGroup;
			children = (
				7002C5751EB031260086210A /* AddWeightViewController.h */,
				7002C5761EB031260086210A /* AddWeightViewController.m */,
				7002C5781EB031900086210A /* AddWeightViewControllerDelegate.h */,
				7002C5631EB02FB10086210A /* WeightSummaryViewController.h */,
				7002C5641EB02FB10086210A /* WeightSummaryViewController.m */,
			);
			path = "Progress Tab";
			sourceTree = "<group>";
		};
		7002C56D1EB02FFB0086210A /* Weight */ = {
			isa = PBXGroup;
			children = (
				7002C5681EB02FF60086210A /* WeightTableViewCell.h */,
				7002C5691EB02FF60086210A /* WeightTableViewCell.m */,
				7002C56A1EB02FF60086210A /* WeightTableViewCell.xib */,
			);
			path = Weight;
			sourceTree = "<group>";
		};
		7002C5811EB045860086210A /* WeightHistory */ = {
			isa = PBXGroup;
			children = (
				7002C5711EB030840086210A /* WeightHistoryManager.h */,
				7002C5721EB030840086210A /* WeightHistoryManager.m */,
				7002C5731EB030840086210A /* WeightHistoryManagerDelegate.h */,
			);
			path = WeightHistory;
			sourceTree = "<group>";
		};
		7002C5821EB0458E0086210A /* Missions */ = {
			isa = PBXGroup;
			children = (
				70E223301E6710650079FF22 /* GroupManager.h */,
				70E223311E6710650079FF22 /* GroupManager.m */,
			);
			path = Missions;
			sourceTree = "<group>";
		};
		7002C5831EB045970086210A /* Meals */ = {
			isa = PBXGroup;
			children = (
				705B94CC1E4C4435006241F1 /* MealManager.h */,
				705B94CD1E4C4435006241F1 /* MealManager.m */,
			);
			path = Meals;
			sourceTree = "<group>";
		};
		7002C5841EB0459D0086210A /* Networking */ = {
			isa = PBXGroup;
			children = (
				700E64BF1E92E275009E914F /* APIManager.h */,
				700E64C01E92E275009E914F /* APIManager.m */,
			);
			path = Networking;
			sourceTree = "<group>";
		};
		7002C5851EB045A40086210A /* Categories */ = {
			isa = PBXGroup;
			children = (
				7002C5791EB031EF0086210A /* UIColor+MHColors.h */,
				7002C57A1EB031EF0086210A /* UIColor+MHColors.m */,
			);
			path = Categories;
			sourceTree = "<group>";
		};
		7002C5861EB045CB0086210A /* NutritionInfo */ = {
			isa = PBXGroup;
			children = (
				90E7B4A9E15834511AF699A9 /* NutritionInfo.h */,
				90E7B9056890092DC83530F7 /* NutritionInfo.m */,
				709470411EAD192E00C2C876 /* NutritionInfo.xib */,
			);
			path = NutritionInfo;
			sourceTree = "<group>";
		};
		7002C5871EB045D30086210A /* WeightInfo */ = {
			isa = PBXGroup;
			children = (
				7002C57E1EB037B80086210A /* WeightInfo.h */,
				7002C57F1EB037B80086210A /* WeightInfo.m */,
				7002C57C1EB037AB0086210A /* WeightInfo.xib */,
			);
			path = WeightInfo;
			sourceTree = "<group>";
		};
		7002C5881EB045E80086210A /* TextField */ = {
			isa = PBXGroup;
			children = (
				705B94C91E4C3C1A006241F1 /* TextFieldTableViewCell.h */,
				705B94CA1E4C3C1A006241F1 /* TextFieldTableViewCell.m */,
			);
			path = TextField;
			sourceTree = "<group>";
		};
		7002C5891EB045EE0086210A /* Food */ = {
			isa = PBXGroup;
			children = (
				700E64CB1E933E3B009E914F /* FoodTableViewCell.h */,
				700E64CC1E933E3B009E914F /* FoodTableViewCell.m */,
			);
			path = Food;
			sourceTree = "<group>";
		};
		7002C58A1EB045F30086210A /* Missions */ = {
			isa = PBXGroup;
			children = (
				70E2232A1E6708430079FF22 /* MissionsCollectionViewCell.h */,
				70E2232B1E6708430079FF22 /* MissionsCollectionViewCell.m */,
			);
			path = Missions;
			sourceTree = "<group>";
		};
		706004271E66735C00FA1EFF /* Frameworks */ = {
			isa = PBXGroup;
			children = (
				706004281E66735D00FA1EFF /* Realm.framework */,
			);
			name = Frameworks;
			sourceTree = "<group>";
		};
		7098D1E91EB04826000BF478 /* Controllers */ = {
			isa = PBXGroup;
			children = (
				70E223251E6680DD0079FF22 /* Daily Summary Tab */,
				70E223261E67077E0079FF22 /* Missions Tab */,
				7002C5671EB02FE60086210A /* Progress Tab */,
			);
			name = Controllers;
			path = Controllers;
			sourceTree = "<group>";
		};
		70B721281E39B4D000401B9D = {
			isa = PBXGroup;
			children = (
				706004271E66735C00FA1EFF /* Frameworks */,
				70B721331E39B4D000401B9D /* Mission Health */,
				70B7214D1E39B4D000401B9D /* Mission HealthTests */,
				70B721581E39B4D000401B9D /* Mission HealthUITests */,
				70B721321E39B4D000401B9D /* Products */,
			);
			sourceTree = "<group>";
		};
		70B721321E39B4D000401B9D /* Products */ = {
			isa = PBXGroup;
			children = (
				70B721311E39B4D000401B9D /* Mission Health.app */,
				70B7214A1E39B4D000401B9D /* Mission HealthTests.xctest */,
				70B721551E39B4D000401B9D /* Mission HealthUITests.xctest */,
			);
			name = Products;
			sourceTree = "<group>";
		};
		70B721331E39B4D000401B9D /* Mission Health */ = {
			isa = PBXGroup;
			children = (
				7002C5851EB045A40086210A /* Categories */,
				7098D1E91EB04826000BF478 /* Controllers */,
				7002C55C1EAFA6FA0086210A /* Models */,
				7002C5611EAFA7C30086210A /* Stores */,
				70B721341E39B4D000401B9D /* Supporting Files */,
				7002C5601EAFA7700086210A /* Views */,
				70B721371E39B4D000401B9D /* AppDelegate.h */,
				70B721381E39B4D000401B9D /* AppDelegate.m */,
				70B721401E39B4D000401B9D /* Assets.xcassets */,
				70B721451E39B4D000401B9D /* Info.plist */,
				70B721421E39B4D000401B9D /* LaunchScreen.storyboard */,
			);
			path = "Mission Health";
			sourceTree = "<group>";
		};
		70B721341E39B4D000401B9D /* Supporting Files */ = {
			isa = PBXGroup;
			children = (
				7002C55D1EAFA7140086210A /* Fonts */,
				700E64C61E92FD20009E914F /* configuration.plist */,
				70B721351E39B4D000401B9D /* main.m */,
			);
			path = "Supporting Files";
			sourceTree = "<group>";
		};
		70B7214D1E39B4D000401B9D /* Mission HealthTests */ = {
			isa = PBXGroup;
			children = (
				70B721501E39B4D000401B9D /* Info.plist */,
				70B7214E1E39B4D000401B9D /* Mission_HealthTests.m */,
			);
			path = "Mission HealthTests";
			sourceTree = "<group>";
		};
		70B721581E39B4D000401B9D /* Mission HealthUITests */ = {
			isa = PBXGroup;
			children = (
				70B7215B1E39B4D000401B9D /* Info.plist */,
				70B721591E39B4D000401B9D /* Mission_HealthUITests.m */,
			);
			path = "Mission HealthUITests";
			sourceTree = "<group>";
		};
		70E223251E6680DD0079FF22 /* Daily Summary Tab */ = {
			isa = PBXGroup;
			children = (
				705B94C61E4C396E006241F1 /* AddFoodViewController.h */,
				705B94C71E4C396E006241F1 /* AddFoodViewController.m */,
				70954C541E4A603F00832400 /* DailySummaryViewController.h */,
				70954C551E4A603F00832400 /* DailySummaryViewController.m */,
				700E64C81E932A6E009E914F /* FoodSearchViewController.h */,
				700E64C91E932A6E009E914F /* FoodSearchViewController.m */,
			);
			path = "Daily Summary Tab";
			sourceTree = "<group>";
		};
		70E223261E67077E0079FF22 /* Missions Tab */ = {
			isa = PBXGroup;
			children = (
				70E223331E675D3B0079FF22 /* AddGroupViewController.h */,
				70E223341E675D3B0079FF22 /* AddGroupViewController.m */,
				70A030D91E8C3F2800539BBB /* GroupInfoViewController.h */,
				70A030DA1E8C3F2800539BBB /* GroupInfoViewController.m */,
				70E223361E6766B00079FF22 /* GroupViewController.h */,
				70E223371E6766B00079FF22 /* GroupViewController.m */,
				70E223271E6707D30079FF22 /* MissionsCollectionViewController.h */,
				70E223281E6707D30079FF22 /* MissionsCollectionViewController.m */,
			);
			path = "Missions Tab";
			sourceTree = "<group>";
		};
/* End PBXGroup section */

/* Begin PBXNativeTarget section */
		70B721301E39B4D000401B9D /* Mission Health */ = {
			isa = PBXNativeTarget;
			buildConfigurationList = 70B7215E1E39B4D000401B9D /* Build configuration list for PBXNativeTarget "Mission Health" */;
			buildPhases = (
				70B7212D1E39B4D000401B9D /* Sources */,
				70B7212E1E39B4D000401B9D /* Frameworks */,
				70B7212F1E39B4D000401B9D /* Resources */,
				7060042A1E66737000FA1EFF /* ShellScript */,
			);
			buildRules = (
			);
			dependencies = (
			);
			name = "Mission Health";
			productName = "Mission Health";
			productReference = 70B721311E39B4D000401B9D /* Mission Health.app */;
			productType = "com.apple.product-type.application";
		};
		70B721491E39B4D000401B9D /* Mission HealthTests */ = {
			isa = PBXNativeTarget;
			buildConfigurationList = 70B721611E39B4D000401B9D /* Build configuration list for PBXNativeTarget "Mission HealthTests" */;
			buildPhases = (
				70B721461E39B4D000401B9D /* Sources */,
				70B721471E39B4D000401B9D /* Frameworks */,
				70B721481E39B4D000401B9D /* Resources */,
			);
			buildRules = (
			);
			dependencies = (
				70B7214C1E39B4D000401B9D /* PBXTargetDependency */,
			);
			name = "Mission HealthTests";
			productName = "Mission HealthTests";
			productReference = 70B7214A1E39B4D000401B9D /* Mission HealthTests.xctest */;
			productType = "com.apple.product-type.bundle.unit-test";
		};
		70B721541E39B4D000401B9D /* Mission HealthUITests */ = {
			isa = PBXNativeTarget;
			buildConfigurationList = 70B721641E39B4D000401B9D /* Build configuration list for PBXNativeTarget "Mission HealthUITests" */;
			buildPhases = (
				70B721511E39B4D000401B9D /* Sources */,
				70B721521E39B4D000401B9D /* Frameworks */,
				70B721531E39B4D000401B9D /* Resources */,
			);
			buildRules = (
			);
			dependencies = (
				70B721571E39B4D000401B9D /* PBXTargetDependency */,
			);
			name = "Mission HealthUITests";
			productName = "Mission HealthUITests";
			productReference = 70B721551E39B4D000401B9D /* Mission HealthUITests.xctest */;
			productType = "com.apple.product-type.bundle.ui-testing";
		};
/* End PBXNativeTarget section */

/* Begin PBXProject section */
		70B721291E39B4D000401B9D /* Project object */ = {
			isa = PBXProject;
			attributes = {
				LastUpgradeCheck = 0820;
				ORGANIZATIONNAME = "Connor Krupp";
				TargetAttributes = {
					70B721301E39B4D000401B9D = {
						CreatedOnToolsVersion = 8.2.1;
						DevelopmentTeam = UHGXZH2S96;
						LastSwiftMigration = 0820;
						ProvisioningStyle = Automatic;
					};
					70B721491E39B4D000401B9D = {
						CreatedOnToolsVersion = 8.2.1;
						DevelopmentTeam = 49Z72NQ45H;
						ProvisioningStyle = Automatic;
						TestTargetID = 70B721301E39B4D000401B9D;
					};
					70B721541E39B4D000401B9D = {
						CreatedOnToolsVersion = 8.2.1;
						DevelopmentTeam = 49Z72NQ45H;
						ProvisioningStyle = Automatic;
						TestTargetID = 70B721301E39B4D000401B9D;
					};
				};
			};
			buildConfigurationList = 70B7212C1E39B4D000401B9D /* Build configuration list for PBXProject "Mission Health" */;
			compatibilityVersion = "Xcode 3.2";
			developmentRegion = English;
			hasScannedForEncodings = 0;
			knownRegions = (
				en,
				Base,
			);
			mainGroup = 70B721281E39B4D000401B9D;
			productRefGroup = 70B721321E39B4D000401B9D /* Products */;
			projectDirPath = "";
			projectRoot = "";
			targets = (
				70B721301E39B4D000401B9D /* Mission Health */,
				70B721491E39B4D000401B9D /* Mission HealthTests */,
				70B721541E39B4D000401B9D /* Mission HealthUITests */,
			);
		};
/* End PBXProject section */

/* Begin PBXResourcesBuildPhase section */
		70B7212F1E39B4D000401B9D /* Resources */ = {
			isa = PBXResourcesBuildPhase;
			buildActionMask = 2147483647;
			files = (
				7002C57D1EB037AB0086210A /* WeightInfo.xib in Resources */,
				7002C55B1EAFA0BE0086210A /* HKGrotesk-SemiBold.otf in Resources */,
				70B721441E39B4D000401B9D /* LaunchScreen.storyboard in Resources */,
				7002C5581EAFA0BE0086210A /* HKGrotesk-Light.otf in Resources */,
				700E64C71E92FD20009E914F /* configuration.plist in Resources */,
				7094704B1EAD382000C2C876 /* DailySummaryTableSectionHeader.xib in Resources */,
				7002C56C1EB02FF60086210A /* WeightTableViewCell.xib in Resources */,
				709470421EAD192E00C2C876 /* NutritionInfo.xib in Resources */,
				7002C55A1EAFA0BE0086210A /* HKGrotesk-Regular.otf in Resources */,
				7002C5591EAFA0BE0086210A /* HKGrotesk-Medium.otf in Resources */,
				70B721411E39B4D000401B9D /* Assets.xcassets in Resources */,
			);
			runOnlyForDeploymentPostprocessing = 0;
		};
		70B721481E39B4D000401B9D /* Resources */ = {
			isa = PBXResourcesBuildPhase;
			buildActionMask = 2147483647;
			files = (
			);
			runOnlyForDeploymentPostprocessing = 0;
		};
		70B721531E39B4D000401B9D /* Resources */ = {
			isa = PBXResourcesBuildPhase;
			buildActionMask = 2147483647;
			files = (
			);
			runOnlyForDeploymentPostprocessing = 0;
		};
/* End PBXResourcesBuildPhase section */

/* Begin PBXShellScriptBuildPhase section */
		7060042A1E66737000FA1EFF /* ShellScript */ = {
			isa = PBXShellScriptBuildPhase;
			buildActionMask = 2147483647;
			files = (
			);
			inputPaths = (
				"$(SRCROOT)/Carthage/Build/iOS/Realm.framework",
			);
			outputPaths = (
			);
			runOnlyForDeploymentPostprocessing = 0;
			shellPath = /bin/sh;
			shellScript = "/usr/local/bin/carthage copy-frameworks";
		};
/* End PBXShellScriptBuildPhase section */

/* Begin PBXSourcesBuildPhase section */
		70B7212D1E39B4D000401B9D /* Sources */ = {
			isa = PBXSourcesBuildPhase;
			buildActionMask = 2147483647;
			files = (
				709470491EAD380B00C2C876 /* DailySummaryTableSectionHeader.m in Sources */,
				70E223381E6766B00079FF22 /* GroupViewController.m in Sources */,
				7002C5801EB037B80086210A /* WeightInfo.m in Sources */,
				70E223241E6676A40079FF22 /* MHFood.m in Sources */,
				70E223291E6707D30079FF22 /* MissionsCollectionViewController.m in Sources */,
				70E223351E675D3C0079FF22 /* AddGroupViewController.m in Sources */,
				70B721391E39B4D000401B9D /* AppDelegate.m in Sources */,
				70B721361E39B4D000401B9D /* main.m in Sources */,
				705B94CE1E4C4435006241F1 /* MealManager.m in Sources */,
				70E2232C1E6708430079FF22 /* MissionsCollectionViewCell.m in Sources */,
				70954C561E4A603F00832400 /* DailySummaryViewController.m in Sources */,
				700E64CD1E933E3B009E914F /* FoodTableViewCell.m in Sources */,
				70A030DB1E8C3F2800539BBB /* GroupInfoViewController.m in Sources */,
				7002C57B1EB031EF0086210A /* UIColor+MHColors.m in Sources */,
				705B94C81E4C396E006241F1 /* AddFoodViewController.m in Sources */,
				70643C101E78805600DD3370 /* MHMember.m in Sources */,
				7002C5741EB030840086210A /* WeightHistoryManager.m in Sources */,
				700E64C11E92E275009E914F /* APIManager.m in Sources */,
				700E64CA1E932A6E009E914F /* FoodSearchViewController.m in Sources */,
				70E2232F1E6710190079FF22 /* MHGroup.m in Sources */,
				7002C5701EB030400086210A /* MHWeight.m in Sources */,
				70E223321E6710650079FF22 /* GroupManager.m in Sources */,
				705B94CB1E4C3C1A006241F1 /* TextFieldTableViewCell.m in Sources */,
				90E7B6F9E137A5920A036412 /* NutritionInfo.m in Sources */,
				7002C5661EB02FB10086210A /* WeightSummaryViewController.m in Sources */,
				7002C56B1EB02FF60086210A /* WeightTableViewCell.m in Sources */,
				7002C5771EB031260086210A /* AddWeightViewController.m in Sources */,
			);
			runOnlyForDeploymentPostprocessing = 0;
		};
		70B721461E39B4D000401B9D /* Sources */ = {
			isa = PBXSourcesBuildPhase;
			buildActionMask = 2147483647;
			files = (
				70B7214F1E39B4D000401B9D /* Mission_HealthTests.m in Sources */,
			);
			runOnlyForDeploymentPostprocessing = 0;
		};
		70B721511E39B4D000401B9D /* Sources */ = {
			isa = PBXSourcesBuildPhase;
			buildActionMask = 2147483647;
			files = (
				70B7215A1E39B4D000401B9D /* Mission_HealthUITests.m in Sources */,
			);
			runOnlyForDeploymentPostprocessing = 0;
		};
/* End PBXSourcesBuildPhase section */

/* Begin PBXTargetDependency section */
		70B7214C1E39B4D000401B9D /* PBXTargetDependency */ = {
			isa = PBXTargetDependency;
			target = 70B721301E39B4D000401B9D /* Mission Health */;
			targetProxy = 70B7214B1E39B4D000401B9D /* PBXContainerItemProxy */;
		};
		70B721571E39B4D000401B9D /* PBXTargetDependency */ = {
			isa = PBXTargetDependency;
			target = 70B721301E39B4D000401B9D /* Mission Health */;
			targetProxy = 70B721561E39B4D000401B9D /* PBXContainerItemProxy */;
		};
/* End PBXTargetDependency section */

/* Begin PBXVariantGroup section */
		70B721421E39B4D000401B9D /* LaunchScreen.storyboard */ = {
			isa = PBXVariantGroup;
			children = (
				70B721431E39B4D000401B9D /* Base */,
			);
			name = LaunchScreen.storyboard;
			path = .;
			sourceTree = "<group>";
		};
/* End PBXVariantGroup section */

/* Begin XCBuildConfiguration section */
		70B7215C1E39B4D000401B9D /* Debug */ = {
			isa = XCBuildConfiguration;
			buildSettings = {
				ALWAYS_SEARCH_USER_PATHS = NO;
				CLANG_ANALYZER_NONNULL = YES;
				CLANG_CXX_LANGUAGE_STANDARD = "gnu++0x";
				CLANG_CXX_LIBRARY = "libc++";
				CLANG_ENABLE_MODULES = YES;
				CLANG_ENABLE_OBJC_ARC = YES;
				CLANG_WARN_BOOL_CONVERSION = YES;
				CLANG_WARN_CONSTANT_CONVERSION = YES;
				CLANG_WARN_DIRECT_OBJC_ISA_USAGE = YES_ERROR;
				CLANG_WARN_DOCUMENTATION_COMMENTS = YES;
				CLANG_WARN_EMPTY_BODY = YES;
				CLANG_WARN_ENUM_CONVERSION = YES;
				CLANG_WARN_INFINITE_RECURSION = YES;
				CLANG_WARN_INT_CONVERSION = YES;
				CLANG_WARN_OBJC_ROOT_CLASS = YES_ERROR;
				CLANG_WARN_SUSPICIOUS_MOVE = YES;
				CLANG_WARN_UNREACHABLE_CODE = YES;
				CLANG_WARN__DUPLICATE_METHOD_MATCH = YES;
				"CODE_SIGN_IDENTITY[sdk=iphoneos*]" = "iPhone Developer";
				COPY_PHASE_STRIP = NO;
				DEBUG_INFORMATION_FORMAT = dwarf;
				ENABLE_STRICT_OBJC_MSGSEND = YES;
				ENABLE_TESTABILITY = YES;
				GCC_C_LANGUAGE_STANDARD = gnu99;
				GCC_DYNAMIC_NO_PIC = NO;
				GCC_NO_COMMON_BLOCKS = YES;
				GCC_OPTIMIZATION_LEVEL = 0;
				GCC_PREPROCESSOR_DEFINITIONS = (
					"DEBUG=1",
					"$(inherited)",
				);
				GCC_WARN_64_TO_32_BIT_CONVERSION = YES;
				GCC_WARN_ABOUT_RETURN_TYPE = YES_ERROR;
				GCC_WARN_UNDECLARED_SELECTOR = YES;
				GCC_WARN_UNINITIALIZED_AUTOS = YES_AGGRESSIVE;
				GCC_WARN_UNUSED_FUNCTION = YES;
				GCC_WARN_UNUSED_VARIABLE = YES;
				IPHONEOS_DEPLOYMENT_TARGET = 10.2;
				MTL_ENABLE_DEBUG_INFO = YES;
				ONLY_ACTIVE_ARCH = YES;
				SDKROOT = iphoneos;
				TARGETED_DEVICE_FAMILY = "1,2";
			};
			name = Debug;
		};
		70B7215D1E39B4D000401B9D /* Release */ = {
			isa = XCBuildConfiguration;
			buildSettings = {
				ALWAYS_SEARCH_USER_PATHS = NO;
				CLANG_ANALYZER_NONNULL = YES;
				CLANG_CXX_LANGUAGE_STANDARD = "gnu++0x";
				CLANG_CXX_LIBRARY = "libc++";
				CLANG_ENABLE_MODULES = YES;
				CLANG_ENABLE_OBJC_ARC = YES;
				CLANG_WARN_BOOL_CONVERSION = YES;
				CLANG_WARN_CONSTANT_CONVERSION = YES;
				CLANG_WARN_DIRECT_OBJC_ISA_USAGE = YES_ERROR;
				CLANG_WARN_DOCUMENTATION_COMMENTS = YES;
				CLANG_WARN_EMPTY_BODY = YES;
				CLANG_WARN_ENUM_CONVERSION = YES;
				CLANG_WARN_INFINITE_RECURSION = YES;
				CLANG_WARN_INT_CONVERSION = YES;
				CLANG_WARN_OBJC_ROOT_CLASS = YES_ERROR;
				CLANG_WARN_SUSPICIOUS_MOVE = YES;
				CLANG_WARN_UNREACHABLE_CODE = YES;
				CLANG_WARN__DUPLICATE_METHOD_MATCH = YES;
				"CODE_SIGN_IDENTITY[sdk=iphoneos*]" = "iPhone Developer";
				COPY_PHASE_STRIP = NO;
				DEBUG_INFORMATION_FORMAT = "dwarf-with-dsym";
				ENABLE_NS_ASSERTIONS = NO;
				ENABLE_STRICT_OBJC_MSGSEND = YES;
				GCC_C_LANGUAGE_STANDARD = gnu99;
				GCC_NO_COMMON_BLOCKS = YES;
				GCC_WARN_64_TO_32_BIT_CONVERSION = YES;
				GCC_WARN_ABOUT_RETURN_TYPE = YES_ERROR;
				GCC_WARN_UNDECLARED_SELECTOR = YES;
				GCC_WARN_UNINITIALIZED_AUTOS = YES_AGGRESSIVE;
				GCC_WARN_UNUSED_FUNCTION = YES;
				GCC_WARN_UNUSED_VARIABLE = YES;
				IPHONEOS_DEPLOYMENT_TARGET = 10.2;
				MTL_ENABLE_DEBUG_INFO = NO;
				SDKROOT = iphoneos;
				TARGETED_DEVICE_FAMILY = "1,2";
				VALIDATE_PRODUCT = YES;
			};
			name = Release;
		};
		70B7215F1E39B4D000401B9D /* Debug */ = {
			isa = XCBuildConfiguration;
			buildSettings = {
				ASSETCATALOG_COMPILER_APPICON_NAME = AppIcon;
				CLANG_ENABLE_MODULES = YES;
				DEVELOPMENT_TEAM = UHGXZH2S96;
				FRAMEWORK_SEARCH_PATHS = (
					"$(inherited)",
					"$(PROJECT_DIR)/Carthage/Build/iOS",
				);
				INFOPLIST_FILE = "Mission Health/Info.plist";
				LD_RUNPATH_SEARCH_PATHS = "$(inherited) @executable_path/Frameworks";
				PRODUCT_BUNDLE_IDENTIFIER = "com.connorkrupp.Mission-Health";
				PRODUCT_NAME = "$(TARGET_NAME)";
				SWIFT_OPTIMIZATION_LEVEL = "-Onone";
				SWIFT_VERSION = 3.0;
			};
			name = Debug;
		};
		70B721601E39B4D000401B9D /* Release */ = {
			isa = XCBuildConfiguration;
			buildSettings = {
				ASSETCATALOG_COMPILER_APPICON_NAME = AppIcon;
				CLANG_ENABLE_MODULES = YES;
				DEVELOPMENT_TEAM = UHGXZH2S96;
				FRAMEWORK_SEARCH_PATHS = (
					"$(inherited)",
					"$(PROJECT_DIR)/Carthage/Build/iOS",
				);
				INFOPLIST_FILE = "Mission Health/Info.plist";
				LD_RUNPATH_SEARCH_PATHS = "$(inherited) @executable_path/Frameworks";
				PRODUCT_BUNDLE_IDENTIFIER = "com.connorkrupp.Mission-Health";
				PRODUCT_NAME = "$(TARGET_NAME)";
				SWIFT_VERSION = 3.0;
			};
			name = Release;
		};
		70B721621E39B4D000401B9D /* Debug */ = {
			isa = XCBuildConfiguration;
			buildSettings = {
				BUNDLE_LOADER = "$(TEST_HOST)";
				DEVELOPMENT_TEAM = 49Z72NQ45H;
				INFOPLIST_FILE = "Mission HealthTests/Info.plist";
				LD_RUNPATH_SEARCH_PATHS = "$(inherited) @executable_path/Frameworks @loader_path/Frameworks";
				PRODUCT_BUNDLE_IDENTIFIER = "com.connorkrupp.Mission-HealthTests";
				PRODUCT_NAME = "$(TARGET_NAME)";
				TEST_HOST = "$(BUILT_PRODUCTS_DIR)/Mission Health.app/Mission Health";
			};
			name = Debug;
		};
		70B721631E39B4D000401B9D /* Release */ = {
			isa = XCBuildConfiguration;
			buildSettings = {
				BUNDLE_LOADER = "$(TEST_HOST)";
				DEVELOPMENT_TEAM = 49Z72NQ45H;
				INFOPLIST_FILE = "Mission HealthTests/Info.plist";
				LD_RUNPATH_SEARCH_PATHS = "$(inherited) @executable_path/Frameworks @loader_path/Frameworks";
				PRODUCT_BUNDLE_IDENTIFIER = "com.connorkrupp.Mission-HealthTests";
				PRODUCT_NAME = "$(TARGET_NAME)";
				TEST_HOST = "$(BUILT_PRODUCTS_DIR)/Mission Health.app/Mission Health";
			};
			name = Release;
		};
		70B721651E39B4D000401B9D /* Debug */ = {
			isa = XCBuildConfiguration;
			buildSettings = {
				DEVELOPMENT_TEAM = 49Z72NQ45H;
				INFOPLIST_FILE = "Mission HealthUITests/Info.plist";
				LD_RUNPATH_SEARCH_PATHS = "$(inherited) @executable_path/Frameworks @loader_path/Frameworks";
				PRODUCT_BUNDLE_IDENTIFIER = "com.connorkrupp.Mission-HealthUITests";
				PRODUCT_NAME = "$(TARGET_NAME)";
				TEST_TARGET_NAME = "Mission Health";
			};
			name = Debug;
		};
		70B721661E39B4D000401B9D /* Release */ = {
			isa = XCBuildConfiguration;
			buildSettings = {
				DEVELOPMENT_TEAM = 49Z72NQ45H;
				INFOPLIST_FILE = "Mission HealthUITests/Info.plist";
				LD_RUNPATH_SEARCH_PATHS = "$(inherited) @executable_path/Frameworks @loader_path/Frameworks";
				PRODUCT_BUNDLE_IDENTIFIER = "com.connorkrupp.Mission-HealthUITests";
				PRODUCT_NAME = "$(TARGET_NAME)";
				TEST_TARGET_NAME = "Mission Health";
			};
			name = Release;
		};
/* End XCBuildConfiguration section */

/* Begin XCConfigurationList section */
		70B7212C1E39B4D000401B9D /* Build configuration list for PBXProject "Mission Health" */ = {
			isa = XCConfigurationList;
			buildConfigurations = (
				70B7215C1E39B4D000401B9D /* Debug */,
				70B7215D1E39B4D000401B9D /* Release */,
			);
			defaultConfigurationIsVisible = 0;
			defaultConfigurationName = Release;
		};
		70B7215E1E39B4D000401B9D /* Build configuration list for PBXNativeTarget "Mission Health" */ = {
			isa = XCConfigurationList;
			buildConfigurations = (
				70B7215F1E39B4D000401B9D /* Debug */,
				70B721601E39B4D000401B9D /* Release */,
			);
			defaultConfigurationIsVisible = 0;
			defaultConfigurationName = Release;
		};
		70B721611E39B4D000401B9D /* Build configuration list for PBXNativeTarget "Mission HealthTests" */ = {
			isa = XCConfigurationList;
			buildConfigurations = (
				70B721621E39B4D000401B9D /* Debug */,
				70B721631E39B4D000401B9D /* Release */,
			);
			defaultConfigurationIsVisible = 0;
			defaultConfigurationName = Release;
		};
		70B721641E39B4D000401B9D /* Build configuration list for PBXNativeTarget "Mission HealthUITests" */ = {
			isa = XCConfigurationList;
			buildConfigurations = (
				70B721651E39B4D000401B9D /* Debug */,
				70B721661E39B4D000401B9D /* Release */,
			);
			defaultConfigurationIsVisible = 0;
			defaultConfigurationName = Release;
		};
/* End XCConfigurationList section */
	};
	rootObject = 70B721291E39B4D000401B9D /* Project object */;
}
